// !$*UTF8*$!
{
	archiveVersion = 1;
	classes = {
	};
	objectVersion = 51;
	objects = {

/* Begin PBXBuildFile section */
		3638499F23B131B6003B3684 /* signUpViewController.swift in Sources */ = {isa = PBXBuildFile; fileRef = 3638499E23B131B6003B3684 /* signUpViewController.swift */; };
		363849A123B131C3003B3684 /* logInViewController.swift in Sources */ = {isa = PBXBuildFile; fileRef = 363849A023B131C3003B3684 /* logInViewController.swift */; };
		3661D4F123B151A50021967A /* ProfileViewController.swift in Sources */ = {isa = PBXBuildFile; fileRef = 3661D4F023B151A50021967A /* ProfileViewController.swift */; };
		3661D4F323B1528A0021967A /* AccountsettingsTableViewCell.swift in Sources */ = {isa = PBXBuildFile; fileRef = 3661D4F223B1528A0021967A /* AccountsettingsTableViewCell.swift */; };
		3661D4F523B15EE30021967A /* SearchViewController.swift in Sources */ = {isa = PBXBuildFile; fileRef = 3661D4F423B15EE30021967A /* SearchViewController.swift */; };
		3661D4F723B15F750021967A /* HomeViewController.swift in Sources */ = {isa = PBXBuildFile; fileRef = 3661D4F623B15F750021967A /* HomeViewController.swift */; };
		3661D4F923B15FFB0021967A /* firstCollectionViewCell.swift in Sources */ = {isa = PBXBuildFile; fileRef = 3661D4F823B15FFB0021967A /* firstCollectionViewCell.swift */; };
		3661D4FC23B165760021967A /* SearchTableViewCell.swift in Sources */ = {isa = PBXBuildFile; fileRef = 3661D4FB23B165760021967A /* SearchTableViewCell.swift */; };
		3685339423B12BC600073415 /* Custom Files in Resources */ = {isa = PBXBuildFile; fileRef = 3685339323B12BC600073415 /* Custom Files */; };
		3685339623B12BD400073415 /* Custom Font in Resources */ = {isa = PBXBuildFile; fileRef = 3685339523B12BD400073415 /* Custom Font */; };
		3685339823B12CF500073415 /* GetStartedViewController.swift in Sources */ = {isa = PBXBuildFile; fileRef = 3685339723B12CF500073415 /* GetStartedViewController.swift */; };
		36CC813423B137CD006A498E /* addInfoViewController.swift in Sources */ = {isa = PBXBuildFile; fileRef = 36CC813323B137CD006A498E /* addInfoViewController.swift */; };
		36D5206923B127EF004BBFBB /* AppDelegate.swift in Sources */ = {isa = PBXBuildFile; fileRef = 36D5206823B127EF004BBFBB /* AppDelegate.swift */; };
		36D5206B23B127EF004BBFBB /* SceneDelegate.swift in Sources */ = {isa = PBXBuildFile; fileRef = 36D5206A23B127EF004BBFBB /* SceneDelegate.swift */; };
		36D5207023B127EF004BBFBB /* Main.storyboard in Resources */ = {isa = PBXBuildFile; fileRef = 36D5206E23B127EF004BBFBB /* Main.storyboard */; };
		36D5207223B127F2004BBFBB /* Assets.xcassets in Resources */ = {isa = PBXBuildFile; fileRef = 36D5207123B127F2004BBFBB /* Assets.xcassets */; };
		36D5207523B127F2004BBFBB /* LaunchScreen.storyboard in Resources */ = {isa = PBXBuildFile; fileRef = 36D5207323B127F2004BBFBB /* LaunchScreen.storyboard */; };
		36D5208023B127F3004BBFBB /* CarzyTests.swift in Sources */ = {isa = PBXBuildFile; fileRef = 36D5207F23B127F3004BBFBB /* CarzyTests.swift */; };
		36D5208B23B127F3004BBFBB /* CarzyUITests.swift in Sources */ = {isa = PBXBuildFile; fileRef = 36D5208A23B127F3004BBFBB /* CarzyUITests.swift */; };
		36ED8CE323B13B44000D403B /* GoogleService-Info.plist in Resources */ = {isa = PBXBuildFile; fileRef = 36ED8CE223B13B43000D403B /* GoogleService-Info.plist */; };
		6643072E87B9D379672DF429 /* Pods_Carzy_CarzyUITests.framework in Frameworks */ = {isa = PBXBuildFile; fileRef = FE87433B6415C754ED29E2ED /* Pods_Carzy_CarzyUITests.framework */; };
		782D89133F0A25C6AF7374D8 /* Pods_CarzyTests.framework in Frameworks */ = {isa = PBXBuildFile; fileRef = 5E3DA5A993DFF0B275E305B8 /* Pods_CarzyTests.framework */; };
		CDC4EABD0FC0AD9EFFDDE26E /* Pods_Carzy.framework in Frameworks */ = {isa = PBXBuildFile; fileRef = 8DF1BBF6A1EF5A3DCCED1816 /* Pods_Carzy.framework */; };
/* End PBXBuildFile section */

/* Begin PBXContainerItemProxy section */
		36D5207C23B127F3004BBFBB /* PBXContainerItemProxy */ = {
			isa = PBXContainerItemProxy;
			containerPortal = 36D5205D23B127EF004BBFBB /* Project object */;
			proxyType = 1;
			remoteGlobalIDString = 36D5206423B127EF004BBFBB;
			remoteInfo = Carzy;
		};
		36D5208723B127F3004BBFBB /* PBXContainerItemProxy */ = {
			isa = PBXContainerItemProxy;
			containerPortal = 36D5205D23B127EF004BBFBB /* Project object */;
			proxyType = 1;
			remoteGlobalIDString = 36D5206423B127EF004BBFBB;
			remoteInfo = Carzy;
		};
/* End PBXContainerItemProxy section */

/* Begin PBXFileReference section */
		3638499E23B131B6003B3684 /* signUpViewController.swift */ = {isa = PBXFileReference; lastKnownFileType = sourcecode.swift; path = signUpViewController.swift; sourceTree = "<group>"; };
		363849A023B131C3003B3684 /* logInViewController.swift */ = {isa = PBXFileReference; lastKnownFileType = sourcecode.swift; path = logInViewController.swift; sourceTree = "<group>"; };
		3661D4F023B151A50021967A /* ProfileViewController.swift */ = {isa = PBXFileReference; lastKnownFileType = sourcecode.swift; path = ProfileViewController.swift; sourceTree = "<group>"; };
		3661D4F223B1528A0021967A /* AccountsettingsTableViewCell.swift */ = {isa = PBXFileReference; lastKnownFileType = sourcecode.swift; path = AccountsettingsTableViewCell.swift; sourceTree = "<group>"; };
		3661D4F423B15EE30021967A /* SearchViewController.swift */ = {isa = PBXFileReference; lastKnownFileType = sourcecode.swift; path = SearchViewController.swift; sourceTree = "<group>"; };
		3661D4F623B15F750021967A /* HomeViewController.swift */ = {isa = PBXFileReference; lastKnownFileType = sourcecode.swift; path = HomeViewController.swift; sourceTree = "<group>"; };
		3661D4F823B15FFB0021967A /* firstCollectionViewCell.swift */ = {isa = PBXFileReference; lastKnownFileType = sourcecode.swift; path = firstCollectionViewCell.swift; sourceTree = "<group>"; };
		3661D4FB23B165760021967A /* SearchTableViewCell.swift */ = {isa = PBXFileReference; lastKnownFileType = sourcecode.swift; path = SearchTableViewCell.swift; sourceTree = "<group>"; };
		3685339323B12BC600073415 /* Custom Files */ = {isa = PBXFileReference; lastKnownFileType = folder; path = "Custom Files"; sourceTree = "<group>"; };
		3685339523B12BD400073415 /* Custom Font */ = {isa = PBXFileReference; lastKnownFileType = folder; path = "Custom Font"; sourceTree = "<group>"; };
		3685339723B12CF500073415 /* GetStartedViewController.swift */ = {isa = PBXFileReference; lastKnownFileType = sourcecode.swift; path = GetStartedViewController.swift; sourceTree = "<group>"; };
		36CC813323B137CD006A498E /* addInfoViewController.swift */ = {isa = PBXFileReference; lastKnownFileType = sourcecode.swift; path = addInfoViewController.swift; sourceTree = "<group>"; };
		36D5206523B127EF004BBFBB /* Carzy.app */ = {isa = PBXFileReference; explicitFileType = wrapper.application; includeInIndex = 0; path = Carzy.app; sourceTree = BUILT_PRODUCTS_DIR; };
		36D5206823B127EF004BBFBB /* AppDelegate.swift */ = {isa = PBXFileReference; lastKnownFileType = sourcecode.swift; path = AppDelegate.swift; sourceTree = "<group>"; };
		36D5206A23B127EF004BBFBB /* SceneDelegate.swift */ = {isa = PBXFileReference; lastKnownFileType = sourcecode.swift; path = SceneDelegate.swift; sourceTree = "<group>"; };
		36D5206F23B127EF004BBFBB /* Base */ = {isa = PBXFileReference; lastKnownFileType = file.storyboard; name = Base; path = Base.lproj/Main.storyboard; sourceTree = "<group>"; };
		36D5207123B127F2004BBFBB /* Assets.xcassets */ = {isa = PBXFileReference; lastKnownFileType = folder.assetcatalog; path = Assets.xcassets; sourceTree = "<group>"; };
		36D5207423B127F2004BBFBB /* Base */ = {isa = PBXFileReference; lastKnownFileType = file.storyboard; name = Base; path = Base.lproj/LaunchScreen.storyboard; sourceTree = "<group>"; };
		36D5207623B127F2004BBFBB /* Info.plist */ = {isa = PBXFileReference; lastKnownFileType = text.plist.xml; path = Info.plist; sourceTree = "<group>"; };
		36D5207B23B127F3004BBFBB /* CarzyTests.xctest */ = {isa = PBXFileReference; explicitFileType = wrapper.cfbundle; includeInIndex = 0; path = CarzyTests.xctest; sourceTree = BUILT_PRODUCTS_DIR; };
		36D5207F23B127F3004BBFBB /* CarzyTests.swift */ = {isa = PBXFileReference; lastKnownFileType = sourcecode.swift; path = CarzyTests.swift; sourceTree = "<group>"; };
		36D5208123B127F3004BBFBB /* Info.plist */ = {isa = PBXFileReference; lastKnownFileType = text.plist.xml; path = Info.plist; sourceTree = "<group>"; };
		36D5208623B127F3004BBFBB /* CarzyUITests.xctest */ = {isa = PBXFileReference; explicitFileType = wrapper.cfbundle; includeInIndex = 0; path = CarzyUITests.xctest; sourceTree = BUILT_PRODUCTS_DIR; };
		36D5208A23B127F3004BBFBB /* CarzyUITests.swift */ = {isa = PBXFileReference; lastKnownFileType = sourcecode.swift; path = CarzyUITests.swift; sourceTree = "<group>"; };
		36D5208C23B127F3004BBFBB /* Info.plist */ = {isa = PBXFileReference; lastKnownFileType = text.plist.xml; path = Info.plist; sourceTree = "<group>"; };
		36ED8CE223B13B43000D403B /* GoogleService-Info.plist */ = {isa = PBXFileReference; fileEncoding = 4; lastKnownFileType = text.plist.xml; path = "GoogleService-Info.plist"; sourceTree = "<group>"; };
		39B939514960EC3897B84C87 /* Pods-CarzyTests.release.xcconfig */ = {isa = PBXFileReference; includeInIndex = 1; lastKnownFileType = text.xcconfig; name = "Pods-CarzyTests.release.xcconfig"; path = "Target Support Files/Pods-CarzyTests/Pods-CarzyTests.release.xcconfig"; sourceTree = "<group>"; };
		4461A4E71AF060008BBF14EF /* Pods-Carzy-CarzyUITests.debug.xcconfig */ = {isa = PBXFileReference; includeInIndex = 1; lastKnownFileType = text.xcconfig; name = "Pods-Carzy-CarzyUITests.debug.xcconfig"; path = "Target Support Files/Pods-Carzy-CarzyUITests/Pods-Carzy-CarzyUITests.debug.xcconfig"; sourceTree = "<group>"; };
		5439945CA6DBB7CAF395D025 /* Pods-Carzy-CarzyUITests.release.xcconfig */ = {isa = PBXFileReference; includeInIndex = 1; lastKnownFileType = text.xcconfig; name = "Pods-Carzy-CarzyUITests.release.xcconfig"; path = "Target Support Files/Pods-Carzy-CarzyUITests/Pods-Carzy-CarzyUITests.release.xcconfig"; sourceTree = "<group>"; };
		5E3DA5A993DFF0B275E305B8 /* Pods_CarzyTests.framework */ = {isa = PBXFileReference; explicitFileType = wrapper.framework; includeInIndex = 0; path = Pods_CarzyTests.framework; sourceTree = BUILT_PRODUCTS_DIR; };
		8DF1BBF6A1EF5A3DCCED1816 /* Pods_Carzy.framework */ = {isa = PBXFileReference; explicitFileType = wrapper.framework; includeInIndex = 0; path = Pods_Carzy.framework; sourceTree = BUILT_PRODUCTS_DIR; };
		965EB5C5B4DD39A4E085A62B /* Pods-Carzy.release.xcconfig */ = {isa = PBXFileReference; includeInIndex = 1; lastKnownFileType = text.xcconfig; name = "Pods-Carzy.release.xcconfig"; path = "Target Support Files/Pods-Carzy/Pods-Carzy.release.xcconfig"; sourceTree = "<group>"; };
		9A3C9CEC8C30CEE875B40484 /* Pods-Carzy.debug.xcconfig */ = {isa = PBXFileReference; includeInIndex = 1; lastKnownFileType = text.xcconfig; name = "Pods-Carzy.debug.xcconfig"; path = "Target Support Files/Pods-Carzy/Pods-Carzy.debug.xcconfig"; sourceTree = "<group>"; };
		A816DAB1F9BB1A0995587659 /* Pods-CarzyTests.debug.xcconfig */ = {isa = PBXFileReference; includeInIndex = 1; lastKnownFileType = text.xcconfig; name = "Pods-CarzyTests.debug.xcconfig"; path = "Target Support Files/Pods-CarzyTests/Pods-CarzyTests.debug.xcconfig"; sourceTree = "<group>"; };
		FE87433B6415C754ED29E2ED /* Pods_Carzy_CarzyUITests.framework */ = {isa = PBXFileReference; explicitFileType = wrapper.framework; includeInIndex = 0; path = Pods_Carzy_CarzyUITests.framework; sourceTree = BUILT_PRODUCTS_DIR; };
/* End PBXFileReference section */

/* Begin PBXFrameworksBuildPhase section */
		36D5206223B127EF004BBFBB /* Frameworks */ = {
			isa = PBXFrameworksBuildPhase;
			buildActionMask = 2147483647;
			files = (
				CDC4EABD0FC0AD9EFFDDE26E /* Pods_Carzy.framework in Frameworks */,
			);
			runOnlyForDeploymentPostprocessing = 0;
		};
		36D5207823B127F3004BBFBB /* Frameworks */ = {
			isa = PBXFrameworksBuildPhase;
			buildActionMask = 2147483647;
			files = (
				782D89133F0A25C6AF7374D8 /* Pods_CarzyTests.framework in Frameworks */,
			);
			runOnlyForDeploymentPostprocessing = 0;
		};
		36D5208323B127F3004BBFBB /* Frameworks */ = {
			isa = PBXFrameworksBuildPhase;
			buildActionMask = 2147483647;
			files = (
				6643072E87B9D379672DF429 /* Pods_Carzy_CarzyUITests.framework in Frameworks */,
			);
			runOnlyForDeploymentPostprocessing = 0;
		};
/* End PBXFrameworksBuildPhase section */

/* Begin PBXGroup section */
		32354BB4845FAE5567B781AF /* Pods */ = {
			isa = PBXGroup;
			children = (
				9A3C9CEC8C30CEE875B40484 /* Pods-Carzy.debug.xcconfig */,
				965EB5C5B4DD39A4E085A62B /* Pods-Carzy.release.xcconfig */,
				4461A4E71AF060008BBF14EF /* Pods-Carzy-CarzyUITests.debug.xcconfig */,
				5439945CA6DBB7CAF395D025 /* Pods-Carzy-CarzyUITests.release.xcconfig */,
				A816DAB1F9BB1A0995587659 /* Pods-CarzyTests.debug.xcconfig */,
				39B939514960EC3897B84C87 /* Pods-CarzyTests.release.xcconfig */,
			);
			path = Pods;
			sourceTree = "<group>";
		};
		3661D4FA23B164820021967A /* Profile */ = {
			isa = PBXGroup;
			children = (
				3661D4F023B151A50021967A /* ProfileViewController.swift */,
				3661D4F223B1528A0021967A /* AccountsettingsTableViewCell.swift */,
			);
			path = Profile;
			sourceTree = "<group>";
		};
		36CC813223B1362C006A498E /* Auth */ = {
			isa = PBXGroup;
			children = (
				3685339723B12CF500073415 /* GetStartedViewController.swift */,
				3638499E23B131B6003B3684 /* signUpViewController.swift */,
				363849A023B131C3003B3684 /* logInViewController.swift */,
				36CC813323B137CD006A498E /* addInfoViewController.swift */,
			);
			path = Auth;
			sourceTree = "<group>";
		};
		36D5205C23B127EF004BBFBB = {
			isa = PBXGroup;
			children = (
				36D5206723B127EF004BBFBB /* Carzy */,
				36D5207E23B127F3004BBFBB /* CarzyTests */,
				36D5208923B127F3004BBFBB /* CarzyUITests */,
				36D5206623B127EF004BBFBB /* Products */,
				32354BB4845FAE5567B781AF /* Pods */,
				47AA104B76BEB5AEBB87F291 /* Frameworks */,
			);
			sourceTree = "<group>";
		};
		36D5206623B127EF004BBFBB /* Products */ = {
			isa = PBXGroup;
			children = (
				36D5206523B127EF004BBFBB /* Carzy.app */,
				36D5207B23B127F3004BBFBB /* CarzyTests.xctest */,
				36D5208623B127F3004BBFBB /* CarzyUITests.xctest */,
			);
			name = Products;
			sourceTree = "<group>";
		};
		36D5206723B127EF004BBFBB /* Carzy */ = {
			isa = PBXGroup;
			children = (
				36D5206823B127EF004BBFBB /* AppDelegate.swift */,
				36D5206A23B127EF004BBFBB /* SceneDelegate.swift */,
				36CC813223B1362C006A498E /* Auth */,
				3661D4FA23B164820021967A /* Profile */,
				3661D4F623B15F750021967A /* HomeViewController.swift */,
				3661D4F423B15EE30021967A /* SearchViewController.swift */,
				36D5206E23B127EF004BBFBB /* Main.storyboard */,
				36D5207323B127F2004BBFBB /* LaunchScreen.storyboard */,
				3661D4FB23B165760021967A /* SearchTableViewCell.swift */,
				3661D4F823B15FFB0021967A /* firstCollectionViewCell.swift */,
				36D5207123B127F2004BBFBB /* Assets.xcassets */,
				36D5207623B127F2004BBFBB /* Info.plist */,
				36ED8CE223B13B43000D403B /* GoogleService-Info.plist */,
				3685339323B12BC600073415 /* Custom Files */,
				3685339523B12BD400073415 /* Custom Font */,
			);
			path = Carzy;
			sourceTree = "<group>";
		};
		36D5207E23B127F3004BBFBB /* CarzyTests */ = {
			isa = PBXGroup;
			children = (
				36D5207F23B127F3004BBFBB /* CarzyTests.swift */,
				36D5208123B127F3004BBFBB /* Info.plist */,
			);
			path = CarzyTests;
			sourceTree = "<group>";
		};
		36D5208923B127F3004BBFBB /* CarzyUITests */ = {
			isa = PBXGroup;
			children = (
				36D5208A23B127F3004BBFBB /* CarzyUITests.swift */,
				36D5208C23B127F3004BBFBB /* Info.plist */,
			);
			path = CarzyUITests;
			sourceTree = "<group>";
		};
		47AA104B76BEB5AEBB87F291 /* Frameworks */ = {
			isa = PBXGroup;
			children = (
				8DF1BBF6A1EF5A3DCCED1816 /* Pods_Carzy.framework */,
				FE87433B6415C754ED29E2ED /* Pods_Carzy_CarzyUITests.framework */,
				5E3DA5A993DFF0B275E305B8 /* Pods_CarzyTests.framework */,
			);
			name = Frameworks;
			sourceTree = "<group>";
		};
/* End PBXGroup section */

/* Begin PBXNativeTarget section */
		36D5206423B127EF004BBFBB /* Carzy */ = {
			isa = PBXNativeTarget;
			buildConfigurationList = 36D5208F23B127F3004BBFBB /* Build configuration list for PBXNativeTarget "Carzy" */;
			buildPhases = (
				89A134E5CC1D5C6D4C77C718 /* [CP] Check Pods Manifest.lock */,
				36D5206123B127EF004BBFBB /* Sources */,
				36D5206223B127EF004BBFBB /* Frameworks */,
				36D5206323B127EF004BBFBB /* Resources */,
				11BC5ED5DE66A1EFA0F6CBA6 /* [CP] Embed Pods Frameworks */,
			);
			buildRules = (
			);
			dependencies = (
			);
			name = Carzy;
			productName = Carzy;
			productReference = 36D5206523B127EF004BBFBB /* Carzy.app */;
			productType = "com.apple.product-type.application";
		};
		36D5207A23B127F3004BBFBB /* CarzyTests */ = {
			isa = PBXNativeTarget;
			buildConfigurationList = 36D5209223B127F3004BBFBB /* Build configuration list for PBXNativeTarget "CarzyTests" */;
			buildPhases = (
				42E73C8E3BC989889E885A8B /* [CP] Check Pods Manifest.lock */,
				36D5207723B127F3004BBFBB /* Sources */,
				36D5207823B127F3004BBFBB /* Frameworks */,
				36D5207923B127F3004BBFBB /* Resources */,
			);
			buildRules = (
			);
			dependencies = (
				36D5207D23B127F3004BBFBB /* PBXTargetDependency */,
			);
			name = CarzyTests;
			productName = CarzyTests;
			productReference = 36D5207B23B127F3004BBFBB /* CarzyTests.xctest */;
			productType = "com.apple.product-type.bundle.unit-test";
		};
		36D5208523B127F3004BBFBB /* CarzyUITests */ = {
			isa = PBXNativeTarget;
			buildConfigurationList = 36D5209523B127F3004BBFBB /* Build configuration list for PBXNativeTarget "CarzyUITests" */;
			buildPhases = (
				C3907F6990F399B502E43753 /* [CP] Check Pods Manifest.lock */,
				36D5208223B127F3004BBFBB /* Sources */,
				36D5208323B127F3004BBFBB /* Frameworks */,
				36D5208423B127F3004BBFBB /* Resources */,
				A7C17D183A191CBD4DFD1FC0 /* [CP] Embed Pods Frameworks */,
			);
			buildRules = (
			);
			dependencies = (
				36D5208823B127F3004BBFBB /* PBXTargetDependency */,
			);
			name = CarzyUITests;
			productName = CarzyUITests;
			productReference = 36D5208623B127F3004BBFBB /* CarzyUITests.xctest */;
			productType = "com.apple.product-type.bundle.ui-testing";
		};
/* End PBXNativeTarget section */

/* Begin PBXProject section */
		36D5205D23B127EF004BBFBB /* Project object */ = {
			isa = PBXProject;
			attributes = {
				LastSwiftUpdateCheck = 1120;
				LastUpgradeCheck = 1120;
				ORGANIZATIONNAME = "ANKIT YADAV";
				TargetAttributes = {
					36D5206423B127EF004BBFBB = {
						CreatedOnToolsVersion = 11.2.1;
					};
					36D5207A23B127F3004BBFBB = {
						CreatedOnToolsVersion = 11.2.1;
						TestTargetID = 36D5206423B127EF004BBFBB;
					};
					36D5208523B127F3004BBFBB = {
						CreatedOnToolsVersion = 11.2.1;
						TestTargetID = 36D5206423B127EF004BBFBB;
					};
				};
			};
			buildConfigurationList = 36D5206023B127EF004BBFBB /* Build configuration list for PBXProject "Carzy" */;
			compatibilityVersion = "Xcode 9.3";
			developmentRegion = en;
			hasScannedForEncodings = 0;
			knownRegions = (
				en,
				Base,
			);
			mainGroup = 36D5205C23B127EF004BBFBB;
			productRefGroup = 36D5206623B127EF004BBFBB /* Products */;
			projectDirPath = "";
			projectRoot = "";
			targets = (
				36D5206423B127EF004BBFBB /* Carzy */,
				36D5207A23B127F3004BBFBB /* CarzyTests */,
				36D5208523B127F3004BBFBB /* CarzyUITests */,
			);
		};
/* End PBXProject section */

/* Begin PBXResourcesBuildPhase section */
		36D5206323B127EF004BBFBB /* Resources */ = {
			isa = PBXResourcesBuildPhase;
			buildActionMask = 2147483647;
			files = (
				36D5207523B127F2004BBFBB /* LaunchScreen.storyboard in Resources */,
				3685339623B12BD400073415 /* Custom Font in Resources */,
				36D5207223B127F2004BBFBB /* Assets.xcassets in Resources */,
				3685339423B12BC600073415 /* Custom Files in Resources */,
				36D5207023B127EF004BBFBB /* Main.storyboard in Resources */,
				36ED8CE323B13B44000D403B /* GoogleService-Info.plist in Resources */,
			);
			runOnlyForDeploymentPostprocessing = 0;
		};
		36D5207923B127F3004BBFBB /* Resources */ = {
			isa = PBXResourcesBuildPhase;
			buildActionMask = 2147483647;
			files = (
			);
			runOnlyForDeploymentPostprocessing = 0;
		};
		36D5208423B127F3004BBFBB /* Resources */ = {
			isa = PBXResourcesBuildPhase;
			buildActionMask = 2147483647;
			files = (
			);
			runOnlyForDeploymentPostprocessing = 0;
		};
/* End PBXResourcesBuildPhase section */

/* Begin PBXShellScriptBuildPhase section */
		11BC5ED5DE66A1EFA0F6CBA6 /* [CP] Embed Pods Frameworks */ = {
			isa = PBXShellScriptBuildPhase;
			buildActionMask = 2147483647;
			files = (
			);
			inputFileListPaths = (
				"${PODS_ROOT}/Target Support Files/Pods-Carzy/Pods-Carzy-frameworks-${CONFIGURATION}-input-files.xcfilelist",
			);
			name = "[CP] Embed Pods Frameworks";
			outputFileListPaths = (
				"${PODS_ROOT}/Target Support Files/Pods-Carzy/Pods-Carzy-frameworks-${CONFIGURATION}-output-files.xcfilelist",
			);
			runOnlyForDeploymentPostprocessing = 0;
			shellPath = /bin/sh;
			shellScript = "\"${PODS_ROOT}/Target Support Files/Pods-Carzy/Pods-Carzy-frameworks.sh\"\n";
			showEnvVarsInLog = 0;
		};
		42E73C8E3BC989889E885A8B /* [CP] Check Pods Manifest.lock */ = {
			isa = PBXShellScriptBuildPhase;
			buildActionMask = 2147483647;
			files = (
			);
			inputFileListPaths = (
			);
			inputPaths = (
				"${PODS_PODFILE_DIR_PATH}/Podfile.lock",
				"${PODS_ROOT}/Manifest.lock",
			);
			name = "[CP] Check Pods Manifest.lock";
			outputFileListPaths = (
			);
			outputPaths = (
				"$(DERIVED_FILE_DIR)/Pods-CarzyTests-checkManifestLockResult.txt",
			);
			runOnlyForDeploymentPostprocessing = 0;
			shellPath = /bin/sh;
			shellScript = "diff \"${PODS_PODFILE_DIR_PATH}/Podfile.lock\" \"${PODS_ROOT}/Manifest.lock\" > /dev/null\nif [ $? != 0 ] ; then\n    # print error to STDERR\n    echo \"error: The sandbox is not in sync with the Podfile.lock. Run 'pod install' or update your CocoaPods installation.\" >&2\n    exit 1\nfi\n# This output is used by Xcode 'outputs' to avoid re-running this script phase.\necho \"SUCCESS\" > \"${SCRIPT_OUTPUT_FILE_0}\"\n";
			showEnvVarsInLog = 0;
		};
		89A134E5CC1D5C6D4C77C718 /* [CP] Check Pods Manifest.lock */ = {
			isa = PBXShellScriptBuildPhase;
			buildActionMask = 2147483647;
			files = (
			);
			inputFileListPaths = (
			);
			inputPaths = (
				"${PODS_PODFILE_DIR_PATH}/Podfile.lock",
				"${PODS_ROOT}/Manifest.lock",
			);
			name = "[CP] Check Pods Manifest.lock";
			outputFileListPaths = (
			);
			outputPaths = (
				"$(DERIVED_FILE_DIR)/Pods-Carzy-checkManifestLockResult.txt",
			);
			runOnlyForDeploymentPostprocessing = 0;
			shellPath = /bin/sh;
			shellScript = "diff \"${PODS_PODFILE_DIR_PATH}/Podfile.lock\" \"${PODS_ROOT}/Manifest.lock\" > /dev/null\nif [ $? != 0 ] ; then\n    # print error to STDERR\n    echo \"error: The sandbox is not in sync with the Podfile.lock. Run 'pod install' or update your CocoaPods installation.\" >&2\n    exit 1\nfi\n# This output is used by Xcode 'outputs' to avoid re-running this script phase.\necho \"SUCCESS\" > \"${SCRIPT_OUTPUT_FILE_0}\"\n";
			showEnvVarsInLog = 0;
		};
		A7C17D183A191CBD4DFD1FC0 /* [CP] Embed Pods Frameworks */ = {
			isa = PBXShellScriptBuildPhase;
			buildActionMask = 2147483647;
			files = (
			);
			inputFileListPaths = (
				"${PODS_ROOT}/Target Support Files/Pods-Carzy-CarzyUITests/Pods-Carzy-CarzyUITests-frameworks-${CONFIGURATION}-input-files.xcfilelist",
			);
			name = "[CP] Embed Pods Frameworks";
			outputFileListPaths = (
				"${PODS_ROOT}/Target Support Files/Pods-Carzy-CarzyUITests/Pods-Carzy-CarzyUITests-frameworks-${CONFIGURATION}-output-files.xcfilelist",
			);
			runOnlyForDeploymentPostprocessing = 0;
			shellPath = /bin/sh;
			shellScript = "\"${PODS_ROOT}/Target Support Files/Pods-Carzy-CarzyUITests/Pods-Carzy-CarzyUITests-frameworks.sh\"\n";
			showEnvVarsInLog = 0;
		};
		C3907F6990F399B502E43753 /* [CP] Check Pods Manifest.lock */ = {
			isa = PBXShellScriptBuildPhase;
			buildActionMask = 2147483647;
			files = (
			);
			inputFileListPaths = (
			);
			inputPaths = (
				"${PODS_PODFILE_DIR_PATH}/Podfile.lock",
				"${PODS_ROOT}/Manifest.lock",
			);
			name = "[CP] Check Pods Manifest.lock";
			outputFileListPaths = (
			);
			outputPaths = (
				"$(DERIVED_FILE_DIR)/Pods-Carzy-CarzyUITests-checkManifestLockResult.txt",
			);
			runOnlyForDeploymentPostprocessing = 0;
			shellPath = /bin/sh;
			shellScript = "diff \"${PODS_PODFILE_DIR_PATH}/Podfile.lock\" \"${PODS_ROOT}/Manifest.lock\" > /dev/null\nif [ $? != 0 ] ; then\n    # print error to STDERR\n    echo \"error: The sandbox is not in sync with the Podfile.lock. Run 'pod install' or update your CocoaPods installation.\" >&2\n    exit 1\nfi\n# This output is used by Xcode 'outputs' to avoid re-running this script phase.\necho \"SUCCESS\" > \"${SCRIPT_OUTPUT_FILE_0}\"\n";
			showEnvVarsInLog = 0;
		};
/* End PBXShellScriptBuildPhase section */

/* Begin PBXSourcesBuildPhase section */
		36D5206123B127EF004BBFBB /* Sources */ = {
			isa = PBXSourcesBuildPhase;
			buildActionMask = 2147483647;
			files = (
				3685339823B12CF500073415 /* GetStartedViewController.swift in Sources */,
				36D5206923B127EF004BBFBB /* AppDelegate.swift in Sources */,
				3638499F23B131B6003B3684 /* signUpViewController.swift in Sources */,
				3661D4F523B15EE30021967A /* SearchViewController.swift in Sources */,
				3661D4F923B15FFB0021967A /* firstCollectionViewCell.swift in Sources */,
				36D5206B23B127EF004BBFBB /* SceneDelegate.swift in Sources */,
				3661D4F723B15F750021967A /* HomeViewController.swift in Sources */,
				3661D4F123B151A50021967A /* ProfileViewController.swift in Sources */,
				36CC813423B137CD006A498E /* addInfoViewController.swift in Sources */,
				3661D4FC23B165760021967A /* SearchTableViewCell.swift in Sources */,
				3661D4F323B1528A0021967A /* AccountsettingsTableViewCell.swift in Sources */,
				363849A123B131C3003B3684 /* logInViewController.swift in Sources */,
			);
			runOnlyForDeploymentPostprocessing = 0;
		};
		36D5207723B127F3004BBFBB /* Sources */ = {
			isa = PBXSourcesBuildPhase;
			buildActionMask = 2147483647;
			files = (
				36D5208023B127F3004BBFBB /* CarzyTests.swift in Sources */,
			);
			runOnlyForDeploymentPostprocessing = 0;
		};
		36D5208223B127F3004BBFBB /* Sources */ = {
			isa = PBXSourcesBuildPhase;
			buildActionMask = 2147483647;
			files = (
				36D5208B23B127F3004BBFBB /* CarzyUITests.swift in Sources */,
			);
			runOnlyForDeploymentPostprocessing = 0;
		};
/* End PBXSourcesBuildPhase section */

/* Begin PBXTargetDependency section */
		36D5207D23B127F3004BBFBB /* PBXTargetDependency */ = {
			isa = PBXTargetDependency;
			target = 36D5206423B127EF004BBFBB /* Carzy */;
			targetProxy = 36D5207C23B127F3004BBFBB /* PBXContainerItemProxy */;
		};
		36D5208823B127F3004BBFBB /* PBXTargetDependency */ = {
			isa = PBXTargetDependency;
			target = 36D5206423B127EF004BBFBB /* Carzy */;
			targetProxy = 36D5208723B127F3004BBFBB /* PBXContainerItemProxy */;
		};
/* End PBXTargetDependency section */

/* Begin PBXVariantGroup section */
		36D5206E23B127EF004BBFBB /* Main.storyboard */ = {
			isa = PBXVariantGroup;
			children = (
				36D5206F23B127EF004BBFBB /* Base */,
			);
			name = Main.storyboard;
			sourceTree = "<group>";
		};
		36D5207323B127F2004BBFBB /* LaunchScreen.storyboard */ = {
			isa = PBXVariantGroup;
			children = (
				36D5207423B127F2004BBFBB /* Base */,
			);
			name = LaunchScreen.storyboard;
			sourceTree = "<group>";
		};
/* End PBXVariantGroup section */

/* Begin XCBuildConfiguration section */
		36D5208D23B127F3004BBFBB /* Debug */ = {
			isa = XCBuildConfiguration;
			buildSettings = {
				ALWAYS_SEARCH_USER_PATHS = NO;
				CLANG_ANALYZER_NONNULL = YES;
				CLANG_ANALYZER_NUMBER_OBJECT_CONVERSION = YES_AGGRESSIVE;
				CLANG_CXX_LANGUAGE_STANDARD = "gnu++14";
				CLANG_CXX_LIBRARY = "libc++";
				CLANG_ENABLE_MODULES = YES;
				CLANG_ENABLE_OBJC_ARC = YES;
				CLANG_ENABLE_OBJC_WEAK = YES;
				CLANG_WARN_BLOCK_CAPTURE_AUTORELEASING = YES;
				CLANG_WARN_BOOL_CONVERSION = YES;
				CLANG_WARN_COMMA = YES;
				CLANG_WARN_CONSTANT_CONVERSION = YES;
				CLANG_WARN_DEPRECATED_OBJC_IMPLEMENTATIONS = YES;
				CLANG_WARN_DIRECT_OBJC_ISA_USAGE = YES_ERROR;
				CLANG_WARN_DOCUMENTATION_COMMENTS = YES;
				CLANG_WARN_EMPTY_BODY = YES;
				CLANG_WARN_ENUM_CONVERSION = YES;
				CLANG_WARN_INFINITE_RECURSION = YES;
				CLANG_WARN_INT_CONVERSION = YES;
				CLANG_WARN_NON_LITERAL_NULL_CONVERSION = YES;
				CLANG_WARN_OBJC_IMPLICIT_RETAIN_SELF = YES;
				CLANG_WARN_OBJC_LITERAL_CONVERSION = YES;
				CLANG_WARN_OBJC_ROOT_CLASS = YES_ERROR;
				CLANG_WARN_RANGE_LOOP_ANALYSIS = YES;
				CLANG_WARN_STRICT_PROTOTYPES = YES;
				CLANG_WARN_SUSPICIOUS_MOVE = YES;
				CLANG_WARN_UNGUARDED_AVAILABILITY = YES_AGGRESSIVE;
				CLANG_WARN_UNREACHABLE_CODE = YES;
				CLANG_WARN__DUPLICATE_METHOD_MATCH = YES;
				COPY_PHASE_STRIP = NO;
				DEBUG_INFORMATION_FORMAT = dwarf;
				ENABLE_STRICT_OBJC_MSGSEND = YES;
				ENABLE_TESTABILITY = YES;
				GCC_C_LANGUAGE_STANDARD = gnu11;
				GCC_DYNAMIC_NO_PIC = NO;
				GCC_NO_COMMON_BLOCKS = YES;
				GCC_OPTIMIZATION_LEVEL = 0;
				GCC_PREPROCESSOR_DEFINITIONS = (
					"DEBUG=1",
					"$(inherited)",
				);
				GCC_WARN_64_TO_32_BIT_CONVERSION = YES;
				GCC_WARN_ABOUT_RETURN_TYPE = YES_ERROR;
				GCC_WARN_UNDECLARED_SELECTOR = YES;
				GCC_WARN_UNINITIALIZED_AUTOS = YES_AGGRESSIVE;
				GCC_WARN_UNUSED_FUNCTION = YES;
				GCC_WARN_UNUSED_VARIABLE = YES;
				IPHONEOS_DEPLOYMENT_TARGET = 13.2;
				MTL_ENABLE_DEBUG_INFO = INCLUDE_SOURCE;
				MTL_FAST_MATH = YES;
				ONLY_ACTIVE_ARCH = YES;
				SDKROOT = iphoneos;
				SWIFT_ACTIVE_COMPILATION_CONDITIONS = DEBUG;
				SWIFT_OPTIMIZATION_LEVEL = "-Onone";
			};
			name = Debug;
		};
		36D5208E23B127F3004BBFBB /* Release */ = {
			isa = XCBuildConfiguration;
			buildSettings = {
				ALWAYS_SEARCH_USER_PATHS = NO;
				CLANG_ANALYZER_NONNULL = YES;
				CLANG_ANALYZER_NUMBER_OBJECT_CONVERSION = YES_AGGRESSIVE;
				CLANG_CXX_LANGUAGE_STANDARD = "gnu++14";
				CLANG_CXX_LIBRARY = "libc++";
				CLANG_ENABLE_MODULES = YES;
				CLANG_ENABLE_OBJC_ARC = YES;
				CLANG_ENABLE_OBJC_WEAK = YES;
				CLANG_WARN_BLOCK_CAPTURE_AUTORELEASING = YES;
				CLANG_WARN_BOOL_CONVERSION = YES;
				CLANG_WARN_COMMA = YES;
				CLANG_WARN_CONSTANT_CONVERSION = YES;
				CLANG_WARN_DEPRECATED_OBJC_IMPLEMENTATIONS = YES;
				CLANG_WARN_DIRECT_OBJC_ISA_USAGE = YES_ERROR;
				CLANG_WARN_DOCUMENTATION_COMMENTS = YES;
				CLANG_WARN_EMPTY_BODY = YES;
				CLANG_WARN_ENUM_CONVERSION = YES;
				CLANG_WARN_INFINITE_RECURSION = YES;
				CLANG_WARN_INT_CONVERSION = YES;
				CLANG_WARN_NON_LITERAL_NULL_CONVERSION = YES;
				CLANG_WARN_OBJC_IMPLICIT_RETAIN_SELF = YES;
				CLANG_WARN_OBJC_LITERAL_CONVERSION = YES;
				CLANG_WARN_OBJC_ROOT_CLASS = YES_ERROR;
				CLANG_WARN_RANGE_LOOP_ANALYSIS = YES;
				CLANG_WARN_STRICT_PROTOTYPES = YES;
				CLANG_WARN_SUSPICIOUS_MOVE = YES;
				CLANG_WARN_UNGUARDED_AVAILABILITY = YES_AGGRESSIVE;
				CLANG_WARN_UNREACHABLE_CODE = YES;
				CLANG_WARN__DUPLICATE_METHOD_MATCH = YES;
				COPY_PHASE_STRIP = NO;
				DEBUG_INFORMATION_FORMAT = "dwarf-with-dsym";
				ENABLE_NS_ASSERTIONS = NO;
				ENABLE_STRICT_OBJC_MSGSEND = YES;
				GCC_C_LANGUAGE_STANDARD = gnu11;
				GCC_NO_COMMON_BLOCKS = YES;
				GCC_WARN_64_TO_32_BIT_CONVERSION = YES;
				GCC_WARN_ABOUT_RETURN_TYPE = YES_ERROR;
				GCC_WARN_UNDECLARED_SELECTOR = YES;
				GCC_WARN_UNINITIALIZED_AUTOS = YES_AGGRESSIVE;
				GCC_WARN_UNUSED_FUNCTION = YES;
				GCC_WARN_UNUSED_VARIABLE = YES;
				IPHONEOS_DEPLOYMENT_TARGET = 13.2;
				MTL_ENABLE_DEBUG_INFO = NO;
				MTL_FAST_MATH = YES;
				SDKROOT = iphoneos;
				SWIFT_COMPILATION_MODE = wholemodule;
				SWIFT_OPTIMIZATION_LEVEL = "-O";
				VALIDATE_PRODUCT = YES;
			};
			name = Release;
		};
		36D5209023B127F3004BBFBB /* Debug */ = {
			isa = XCBuildConfiguration;
			baseConfigurationReference = 9A3C9CEC8C30CEE875B40484 /* Pods-Carzy.debug.xcconfig */;
			buildSettings = {
				ASSETCATALOG_COMPILER_APPICON_NAME = AppIcon;
				CODE_SIGN_STYLE = Automatic;
				DEVELOPMENT_TEAM = JL7UZ93S3L;
				INFOPLIST_FILE = Carzy/Info.plist;
				LD_RUNPATH_SEARCH_PATHS = (
					"$(inherited)",
					"@executable_path/Frameworks",
				);
				PRODUCT_BUNDLE_IDENTIFIER = com.Carzy;
				PRODUCT_NAME = "$(TARGET_NAME)";
				SWIFT_VERSION = 5.0;
				TARGETED_DEVICE_FAMILY = "1,2";
			};
			name = Debug;
		};
		36D5209123B127F3004BBFBB /* Release */ = {
			isa = XCBuildConfiguration;
			baseConfigurationReference = 965EB5C5B4DD39A4E085A62B /* Pods-Carzy.release.xcconfig */;
			buildSettings = {
				ASSETCATALOG_COMPILER_APPICON_NAME = AppIcon;
				CODE_SIGN_STYLE = Automatic;
				DEVELOPMENT_TEAM = JL7UZ93S3L;
				INFOPLIST_FILE = Carzy/Info.plist;
				LD_RUNPATH_SEARCH_PATHS = (
					"$(inherited)",
					"@executable_path/Frameworks",
				);
				PRODUCT_BUNDLE_IDENTIFIER = com.Carzy;
				PRODUCT_NAME = "$(TARGET_NAME)";
				SWIFT_VERSION = 5.0;
				TARGETED_DEVICE_FAMILY = "1,2";
			};
			name = Release;
		};
		36D5209323B127F3004BBFBB /* Debug */ = {
			isa = XCBuildConfiguration;
			baseConfigurationReference = A816DAB1F9BB1A0995587659 /* Pods-CarzyTests.debug.xcconfig */;
			buildSettings = {
				ALWAYS_EMBED_SWIFT_STANDARD_LIBRARIES = YES;
				BUNDLE_LOADER = "$(TEST_HOST)";
				CODE_SIGN_STYLE = Automatic;
				DEVELOPMENT_TEAM = JL7UZ93S3L;
				INFOPLIST_FILE = CarzyTests/Info.plist;
				IPHONEOS_DEPLOYMENT_TARGET = 13.2;
				LD_RUNPATH_SEARCH_PATHS = (
					"$(inherited)",
					"@executable_path/Frameworks",
					"@loader_path/Frameworks",
				);
				PRODUCT_BUNDLE_IDENTIFIER = com.CarzyTests;
				PRODUCT_NAME = "$(TARGET_NAME)";
				SWIFT_VERSION = 5.0;
				TARGETED_DEVICE_FAMILY = "1,2";
				TEST_HOST = "$(BUILT_PRODUCTS_DIR)/Carzy.app/Carzy";
			};
			name = Debug;
		};
		36D5209423B127F3004BBFBB /* Release */ = {
			isa = XCBuildConfiguration;
			baseConfigurationReference = 39B939514960EC3897B84C87 /* Pods-CarzyTests.release.xcconfig */;
			buildSettings = {
				ALWAYS_EMBED_SWIFT_STANDARD_LIBRARIES = YES;
				BUNDLE_LOADER = "$(TEST_HOST)";
				CODE_SIGN_STYLE = Automatic;
				DEVELOPMENT_TEAM = JL7UZ93S3L;
				INFOPLIST_FILE = CarzyTests/Info.plist;
				IPHONEOS_DEPLOYMENT_TARGET = 13.2;
				LD_RUNPATH_SEARCH_PATHS = (
					"$(inherited)",
					"@executable_path/Frameworks",
					"@loader_path/Frameworks",
				);
				PRODUCT_BUNDLE_IDENTIFIER = com.CarzyTests;
				PRODUCT_NAME = "$(TARGET_NAME)";
				SWIFT_VERSION = 5.0;
				TARGETED_DEVICE_FAMILY = "1,2";
				TEST_HOST = "$(BUILT_PRODUCTS_DIR)/Carzy.app/Carzy";
			};
			name = Release;
		};
		36D5209623B127F3004BBFBB /* Debug */ = {
			isa = XCBuildConfiguration;
			baseConfigurationReference = 4461A4E71AF060008BBF14EF /* Pods-Carzy-CarzyUITests.debug.xcconfig */;
			buildSettings = {
				ALWAYS_EMBED_SWIFT_STANDARD_LIBRARIES = YES;
				CODE_SIGN_STYLE = Automatic;
				DEVELOPMENT_TEAM = JL7UZ93S3L;
				INFOPLIST_FILE = CarzyUITests/Info.plist;
				LD_RUNPATH_SEARCH_PATHS = (
					"$(inherited)",
					"@executable_path/Frameworks",
					"@loader_path/Frameworks",
				);
				PRODUCT_BUNDLE_IDENTIFIER = com.CarzyUITests;
				PRODUCT_NAME = "$(TARGET_NAME)";
				SWIFT_VERSION = 5.0;
				TARGETED_DEVICE_FAMILY = "1,2";
				TEST_TARGET_NAME = Carzy;
			};
			name = Debug;
		};
		36D5209723B127F3004BBFBB /* Release */ = {
			isa = XCBuildConfiguration;
			baseConfigurationReference = 5439945CA6DBB7CAF395D025 /* Pods-Carzy-CarzyUITests.release.xcconfig */;
			buildSettings = {
				ALWAYS_EMBED_SWIFT_STANDARD_LIBRARIES = YES;
				CODE_SIGN_STYLE = Automatic;
				DEVELOPMENT_TEAM = JL7UZ93S3L;
				INFOPLIST_FILE = CarzyUITests/Info.plist;
				LD_RUNPATH_SEARCH_PATHS = (
					"$(inherited)",
					"@executable_path/Frameworks",
					"@loader_path/Frameworks",
				);
				PRODUCT_BUNDLE_IDENTIFIER = com.CarzyUITests;
				PRODUCT_NAME = "$(TARGET_NAME)";
				SWIFT_VERSION = 5.0;
				TARGETED_DEVICE_FAMILY = "1,2";
				TEST_TARGET_NAME = Carzy;
			};
			name = Release;
		};
/* End XCBuildConfiguration section */

/* Begin XCConfigurationList section */
		36D5206023B127EF004BBFBB /* Build configuration list for PBXProject "Carzy" */ = {
			isa = XCConfigurationList;
			buildConfigurations = (
				36D5208D23B127F3004BBFBB /* Debug */,
				36D5208E23B127F3004BBFBB /* Release */,
			);
			defaultConfigurationIsVisible = 0;
			defaultConfigurationName = Release;
		};
		36D5208F23B127F3004BBFBB /* Build configuration list for PBXNativeTarget "Carzy" */ = {
			isa = XCConfigurationList;
			buildConfigurations = (
				36D5209023B127F3004BBFBB /* Debug */,
				36D5209123B127F3004BBFBB /* Release */,
			);
			defaultConfigurationIsVisible = 0;
			defaultConfigurationName = Release;
		};
		36D5209223B127F3004BBFBB /* Build configuration list for PBXNativeTarget "CarzyTests" */ = {
			isa = XCConfigurationList;
			buildConfigurations = (
				36D5209323B127F3004BBFBB /* Debug */,
				36D5209423B127F3004BBFBB /* Release */,
			);
			defaultConfigurationIsVisible = 0;
			defaultConfigurationName = Release;
		};
		36D5209523B127F3004BBFBB /* Build configuration list for PBXNativeTarget "CarzyUITests" */ = {
			isa = XCConfigurationList;
			buildConfigurations = (
				36D5209623B127F3004BBFBB /* Debug */,
				36D5209723B127F3004BBFBB /* Release */,
			);
			defaultConfigurationIsVisible = 0;
			defaultConfigurationName = Release;
		};
/* End XCConfigurationList section */
	};
	rootObject = 36D5205D23B127EF004BBFBB /* Project object */;
}
